
Microsoft Visual Studio Solution File, Format Version 12.00
# Visual Studio Version 16
VisualStudioVersion = 16.0.30804.86
MinimumVisualStudioVersion = 10.0.40219.1
Project("{9A19103F-16F7-4668-BE54-9A1E7A4F7556}") = "Int19h.Bannerlord.CSharp.Scripting", "Int19h.Bannerlord.CSharp.Scripting.csproj", "{D946C14E-6B12-4926-9164-DABAD3A0C886}"
EndProject
Global
	GlobalSection(SolutionConfigurationPlatforms) = preSolution
		Debug|x64 = Debug|x64
		Release|x64 = Release|x64
	EndGlobalSection
	GlobalSection(ProjectConfigurationPlatforms) = postSolution
		{D946C14E-6B12-4926-9164-DABAD3A0C886}.Debug|x64.ActiveCfg = Debug|x64
		{D946C14E-6B12-4926-9164-DABAD3A0C886}.Debug|x64.Build.0 = Debug|x64
		{D946C14E-6B12-4926-9164-DABAD3A0C886}.Release|x64.ActiveCfg = Release|x64
		{D946C14E-6B12-4926-9164-DABAD3A0C886}.Release|x64.Build.0 = Release|x64
	EndGlobalSection
	GlobalSection(SolutionProperties) = preSolution
		HideSolutionNode = FALSE
	EndGlobalSection
	GlobalSection(ExtensibilityGlobals) = postSolution
		SolutionGuid = {1F02AF2D-2724-4CB4-9298-3D7D452DF794}
	EndGlobalSection
EndGlobal
